{
  "name": "using.iota.cryptojs",
  "version": "1.0.0",
  "lockfileVersion": 2,
  "requires": true,
  "packages": {
    "": {
      "name": "using.iota.cryptojs",
      "version": "1.0.0",
      "license": "ISC",
      "dependencies": {
        "@iota/crypto.js": "^1.8.6"
      }
    },
    "node_modules/@iota/crypto.js": {
      "version": "1.8.6",
      "resolved": "https://registry.npmjs.org/@iota/crypto.js/-/crypto.js-1.8.6.tgz",
      "integrity": "sha512-bmsBL+gEJVlT1KgkOqjIkPsyNs5VV9MyrAWo9UAYdGNxfyH+KeYiiRzIaQwwhCzUkncuNzlCTbEo2qRJQoKETg==",
      "dependencies": {
        "@iota/util.js": "^1.8.6",
        "big-integer": "^1.6.51"
      },
      "engines": {
        "node": ">=14.0.0"
      }
    },
    "node_modules/@iota/util.js": {
      "version": "1.8.6",
      "resolved": "https://registry.npmjs.org/@iota/util.js/-/util.js-1.8.6.tgz",
      "integrity": "sha512-vQRYU0bDKORGFzeoN2zn7tO4Kjqv+h2P/J//MRspg9Kyy1TKgtGkn0j0M2ZSwJjScH6Cn2BQmRLet/ZBpg6osA==",
      "dependencies": {
        "big-integer": "^1.6.51"
      },
      "engines": {
        "node": ">=14.0.0"
      }
    },
    "node_modules/big-integer": {
      "version": "1.6.51",
      "resolved": "https://registry.npmjs.org/big-integer/-/big-integer-1.6.51.tgz",
      "integrity": "sha512-GPEid2Y9QU1Exl1rpO9B2IPJGHPSupF5GnVIP0blYvNOMer2bTvSWs1jGOUg04hTmu67nmLsQ9TBo1puaotBHg==",
      "engines": {
        "node": ">=0.6"
      }
    }
  },
  "dependencies": {
    "@iota/crypto.js": {
      "version": "1.8.6",
      "resolved": "https://registry.npmjs.org/@iota/crypto.js/-/crypto.js-1.8.6.tgz",
      "integrity": "sha512-bmsBL+gEJVlT1KgkOqjIkPsyNs5VV9MyrAWo9UAYdGNxfyH+KeYiiRzIaQwwhCzUkncuNzlCTbEo2qRJQoKETg==",
      "requires": {
        "@iota/util.js": "^1.8.6",
        "big-integer": "^1.6.51"
      }
    },
    "@iota/util.js": {
      "version": "1.8.6",
      "resolved": "https://registry.npmjs.org/@iota/util.js/-/util.js-1.8.6.tgz",
      "integrity": "sha512-vQRYU0bDKORGFzeoN2zn7tO4Kjqv+h2P/J//MRspg9Kyy1TKgtGkn0j0M2ZSwJjScH6Cn2BQmRLet/ZBpg6osA==",
      "requires": {
        "big-integer": "^1.6.51"
      }
    },
    "big-integer": {
      "version": "1.6.51",
      "resolved": "https://registry.npmjs.org/big-integer/-/big-integer-1.6.51.tgz",
      "integrity": "sha512-GPEid2Y9QU1Exl1rpO9B2IPJGHPSupF5GnVIP0blYvNOMer2bTvSWs1jGOUg04hTmu67nmLsQ9TBo1puaotBHg=="
    }
  }
}
